
Microsoft Visual Studio Solution File, Format Version 12.00
# Visual Studio Version 17
VisualStudioVersion = 17.9.34728.123
MinimumVisualStudioVersion = 10.0.40219.1
Project("{FAE04EC0-301F-11D3-BF4B-00C04F79EFBC}") = "orm_proj", "orm_proj\orm_proj.csproj", "{3FDE528C-054E-4107-BDA1-06190456BD6C}"
EndProject
Global
	GlobalSection(SolutionConfigurationPlatforms) = preSolution
		Debug|Any CPU = Debug|Any CPU
		Release|Any CPU = Release|Any CPU
	EndGlobalSection
	GlobalSection(ProjectConfigurationPlatforms) = postSolution
		{3FDE528C-054E-4107-BDA1-06190456BD6C}.Debug|Any CPU.ActiveCfg = Debug|Any CPU
		{3FDE528C-054E-4107-BDA1-06190456BD6C}.Debug|Any CPU.Build.0 = Debug|Any CPU
		{3FDE528C-054E-4107-BDA1-06190456BD6C}.Release|Any CPU.ActiveCfg = Release|Any CPU
		{3FDE528C-054E-4107-BDA1-06190456BD6C}.Release|Any CPU.Build.0 = Release|Any CPU
	EndGlobalSection
	GlobalSection(SolutionProperties) = preSolution
		HideSolutionNode = FALSE
	EndGlobalSection
	GlobalSection(ExtensibilityGlobals) = postSolution
		SolutionGuid = {4D188C49-E86E-4B9C-9FCC-F77A5438C338}
	EndGlobalSection
EndGlobal
